dependencies:
- name: postgresql
  repository: https://charts.bitnami.com/bitnami
  version: 12.1.2
- name: common
  repository: https://charts.bitnami.com/bitnami
  version: 2.20.3
digest: sha256:8fccf7c770b0e1a7a1f64fcd77a3afede13a967fe7c182ebbfe2d21f9cfed0b7
generated: "2024-07-01T16:33:04.750757+02:00"
