dependencies:
- name: postgresql
  repository: https://charts.bitnami.com/bitnami
  version: 15.5.17
- name: common
  repository: https://charts.bitnami.com/bitnami
  version: 2.20.5
digest: sha256:c98ed30a1a1d0346037923d8c7df9992beed1aa6aefebe507c8448cf59a57ec7
generated: "2024-07-18T17:54:22.017910712Z"
